
Microsoft Visual Studio Solution File, Format Version 12.00
# Visual Studio 15
VisualStudioVersion = 15.0.27428.2015
MinimumVisualStudioVersion = 10.0.40219.1
Project("{FAE04EC0-301F-11D3-BF4B-00C04F79EFBC}") = "MinipulVS", "MinipulVS\MinipulVS.csproj", "{92895814-CA8D-4A07-8DCF-D3D4C8ADDBD1}"
EndProject
Global
	GlobalSection(SolutionConfigurationPlatforms) = preSolution
		Debug|Any CPU = Debug|Any CPU
		Release|Any CPU = Release|Any CPU
	EndGlobalSection
	GlobalSection(ProjectConfigurationPlatforms) = postSolution
		{92895814-CA8D-4A07-8DCF-D3D4C8ADDBD1}.Debug|Any CPU.ActiveCfg = Debug|Any CPU
		{92895814-CA8D-4A07-8DCF-D3D4C8ADDBD1}.Debug|Any CPU.Build.0 = Debug|Any CPU
		{92895814-CA8D-4A07-8DCF-D3D4C8ADDBD1}.Release|Any CPU.ActiveCfg = Release|Any CPU
		{92895814-CA8D-4A07-8DCF-D3D4C8ADDBD1}.Release|Any CPU.Build.0 = Release|Any CPU
	EndGlobalSection
	GlobalSection(SolutionProperties) = preSolution
		HideSolutionNode = FALSE
	EndGlobalSection
	GlobalSection(ExtensibilityGlobals) = postSolution
		SolutionGuid = {17D4E8EE-A606-4F2C-982C-C090BEEB7A63}
	EndGlobalSection
EndGlobal
